github.com/gabe-lee/go_list_like v0.19.1 h1:xtueN8oe4uDb0/6H6P3h+4h2I8so8aAoB1JWevebP1U=
github.com/gabe-lee/go_list_like v0.19.1/go.mod h1:NpwyR8Pue1Et2+7b7NmArxVx3m/kOhe4bsKpb9ArGiY=
github.com/gabe-lee/go_ring_queue v1.2.1 h1:E0bHqo68ZIks3+AUrJYf2j5Cmh8O/bO4dzsqgrOHv5g=
github.com/gabe-lee/go_ring_queue v1.2.1/go.mod h1:7SQbsAINCBWdZ8EkTAWGH4zEcbbkVZ4dou6gOCA0AJg=
